// !$*UTF8*$!
{
	archiveVersion = 1;
	classes = {
	};
	objectVersion = 46;
	objects = {

/* Begin PBXAggregateTarget section */
		841F52C01E309D3300223BB5 /* IUChainBuilder */ = {
			isa = PBXAggregateTarget;
			buildConfigurationList = 841F52C11E309D3300223BB5 /* Build configuration list for PBXAggregateTarget "IUChainBuilder" */;
			buildPhases = (
				841F52C61E309D4A00223BB5 /* ShellScript */,
			);
			dependencies = (
				841F52C51E309D3F00223BB5 /* PBXTargetDependency */,
			);
			name = IUChainBuilder;
			productName = IUChainBuilder;
		};
/* End PBXAggregateTarget section */

/* Begin PBXBuildFile section */
		841F52151E30922D00223BB5 /* IUChain.h in Headers */ = {isa = PBXBuildFile; fileRef = 841F52131E30922D00223BB5 /* IUChain.h */; settings = {ATTRIBUTES = (Public, ); }; };
		841F53151E34786900223BB5 /* NSObject+IUChain.h in Headers */ = {isa = PBXBuildFile; fileRef = 841F52FD1E34786900223BB5 /* NSObject+IUChain.h */; settings = {ATTRIBUTES = (Public, ); }; };
		841F53161E34786900223BB5 /* NSObject+IUChain.m in Sources */ = {isa = PBXBuildFile; fileRef = 841F52FE1E34786900223BB5 /* NSObject+IUChain.m */; };
		8447F1321E51528000781DAC /* NSObject+IUMethodSwizzle.h in Headers */ = {isa = PBXBuildFile; fileRef = 8447F1301E51528000781DAC /* NSObject+IUMethodSwizzle.h */; };
		8447F1331E51528000781DAC /* NSObject+IUMethodSwizzle.m in Sources */ = {isa = PBXBuildFile; fileRef = 8447F1311E51528000781DAC /* NSObject+IUMethodSwizzle.m */; };
		84D2EA4A1E45B6AD00B2A2CD /* UIGestureRecognizer+IUChain.h in Headers */ = {isa = PBXBuildFile; fileRef = 84D2EA481E45B6AD00B2A2CD /* UIGestureRecognizer+IUChain.h */; settings = {ATTRIBUTES = (Public, ); }; };
		84D2EA4B1E45B6AD00B2A2CD /* UIGestureRecognizer+IUChain.m in Sources */ = {isa = PBXBuildFile; fileRef = 84D2EA491E45B6AD00B2A2CD /* UIGestureRecognizer+IUChain.m */; };
		84DFC5DD1E34A95B000A588C /* IUChainProtocolMethod_UITextInputTraits.h in Headers */ = {isa = PBXBuildFile; fileRef = 84DFC5DC1E34A915000A588C /* IUChainProtocolMethod_UITextInputTraits.h */; settings = {ATTRIBUTES = (Public, ); }; };
		84DFC5E11E34AA9C000A588C /* IUChainProtocolMethod_UITextInput.h in Headers */ = {isa = PBXBuildFile; fileRef = 84DFC5DE1E34A9AA000A588C /* IUChainProtocolMethod_UITextInput.h */; settings = {ATTRIBUTES = (Public, ); }; };
		84DFC5E21E34AA9C000A588C /* IUChainProtocolMethod_UIKeyInput.h in Headers */ = {isa = PBXBuildFile; fileRef = 84DFC5DF1E34A9B9000A588C /* IUChainProtocolMethod_UIKeyInput.h */; settings = {ATTRIBUTES = (Public, ); }; };
		84DFC5E31E34AA9D000A588C /* IUChainProtocolMethod_UIContentSizeCategoryAdjusting.h in Headers */ = {isa = PBXBuildFile; fileRef = 84DFC5E01E34AA49000A588C /* IUChainProtocolMethod_UIContentSizeCategoryAdjusting.h */; settings = {ATTRIBUTES = (Public, ); }; };
		84FBCD8C1E4D612A00A35006 /* UIButton+IUChain.h in Headers */ = {isa = PBXBuildFile; fileRef = 84FBCD5E1E4D612A00A35006 /* UIButton+IUChain.h */; settings = {ATTRIBUTES = (Public, ); }; };
		84FBCD8D1E4D612A00A35006 /* UIButton+IUChain.m in Sources */ = {isa = PBXBuildFile; fileRef = 84FBCD5F1E4D612A00A35006 /* UIButton+IUChain.m */; };
		84FBCD8E1E4D612A00A35006 /* UIControl+IUChain.h in Headers */ = {isa = PBXBuildFile; fileRef = 84FBCD601E4D612A00A35006 /* UIControl+IUChain.h */; settings = {ATTRIBUTES = (Public, ); }; };
		84FBCD8F1E4D612A00A35006 /* UIControl+IUChain.m in Sources */ = {isa = PBXBuildFile; fileRef = 84FBCD611E4D612A00A35006 /* UIControl+IUChain.m */; };
		84FBCD901E4D612A00A35006 /* UIPageControl+IUChain.h in Headers */ = {isa = PBXBuildFile; fileRef = 84FBCD631E4D612A00A35006 /* UIPageControl+IUChain.h */; settings = {ATTRIBUTES = (Public, ); }; };
		84FBCD911E4D612A00A35006 /* UIPageControl+IUChain.m in Sources */ = {isa = PBXBuildFile; fileRef = 84FBCD641E4D612A00A35006 /* UIPageControl+IUChain.m */; };
		84FBCD921E4D612A00A35006 /* UISegmentedControl+IUChain.h in Headers */ = {isa = PBXBuildFile; fileRef = 84FBCD661E4D612A00A35006 /* UISegmentedControl+IUChain.h */; settings = {ATTRIBUTES = (Public, ); }; };
		84FBCD931E4D612A00A35006 /* UISegmentedControl+IUChain.m in Sources */ = {isa = PBXBuildFile; fileRef = 84FBCD671E4D612A00A35006 /* UISegmentedControl+IUChain.m */; };
		84FBCD941E4D612A00A35006 /* UISlider+IUChain.h in Headers */ = {isa = PBXBuildFile; fileRef = 84FBCD691E4D612A00A35006 /* UISlider+IUChain.h */; settings = {ATTRIBUTES = (Public, ); }; };
		84FBCD951E4D612A00A35006 /* UISlider+IUChain.m in Sources */ = {isa = PBXBuildFile; fileRef = 84FBCD6A1E4D612A00A35006 /* UISlider+IUChain.m */; };
		84FBCD961E4D612A00A35006 /* UISwitch+IUChain.h in Headers */ = {isa = PBXBuildFile; fileRef = 84FBCD6C1E4D612A00A35006 /* UISwitch+IUChain.h */; settings = {ATTRIBUTES = (Public, ); }; };
		84FBCD971E4D612A00A35006 /* UISwitch+IUChain.m in Sources */ = {isa = PBXBuildFile; fileRef = 84FBCD6D1E4D612A00A35006 /* UISwitch+IUChain.m */; };
		84FBCD981E4D612A00A35006 /* UITextField+IUChain.h in Headers */ = {isa = PBXBuildFile; fileRef = 84FBCD6F1E4D612A00A35006 /* UITextField+IUChain.h */; settings = {ATTRIBUTES = (Public, ); }; };
		84FBCD991E4D612A00A35006 /* UITextField+IUChain.m in Sources */ = {isa = PBXBuildFile; fileRef = 84FBCD701E4D612A00A35006 /* UITextField+IUChain.m */; };
		84FBCD9A1E4D612A00A35006 /* UIImageView+IUChain.h in Headers */ = {isa = PBXBuildFile; fileRef = 84FBCD721E4D612A00A35006 /* UIImageView+IUChain.h */; settings = {ATTRIBUTES = (Public, ); }; };
		84FBCD9B1E4D612A00A35006 /* UIImageView+IUChain.m in Sources */ = {isa = PBXBuildFile; fileRef = 84FBCD731E4D612A00A35006 /* UIImageView+IUChain.m */; };
		84FBCD9C1E4D612A00A35006 /* UILabel+IUChain.h in Headers */ = {isa = PBXBuildFile; fileRef = 84FBCD751E4D612A00A35006 /* UILabel+IUChain.h */; settings = {ATTRIBUTES = (Public, ); }; };
		84FBCD9D1E4D612A00A35006 /* UILabel+IUChain.m in Sources */ = {isa = PBXBuildFile; fileRef = 84FBCD761E4D612A00A35006 /* UILabel+IUChain.m */; };
		84FBCD9E1E4D612A00A35006 /* UICollectionView+IUChain.h in Headers */ = {isa = PBXBuildFile; fileRef = 84FBCD791E4D612A00A35006 /* UICollectionView+IUChain.h */; settings = {ATTRIBUTES = (Public, ); }; };
		84FBCD9F1E4D612A00A35006 /* UICollectionView+IUChain.m in Sources */ = {isa = PBXBuildFile; fileRef = 84FBCD7A1E4D612A00A35006 /* UICollectionView+IUChain.m */; };
		84FBCDA01E4D612A00A35006 /* UIScrollView+IUChain.h in Headers */ = {isa = PBXBuildFile; fileRef = 84FBCD7B1E4D612A00A35006 /* UIScrollView+IUChain.h */; settings = {ATTRIBUTES = (Public, ); }; };
		84FBCDA11E4D612A00A35006 /* UIScrollView+IUChain.m in Sources */ = {isa = PBXBuildFile; fileRef = 84FBCD7C1E4D612A00A35006 /* UIScrollView+IUChain.m */; };
		84FBCDA21E4D612A00A35006 /* UITableView+IUChain.h in Headers */ = {isa = PBXBuildFile; fileRef = 84FBCD7E1E4D612A00A35006 /* UITableView+IUChain.h */; settings = {ATTRIBUTES = (Public, ); }; };
		84FBCDA31E4D612A00A35006 /* UITableView+IUChain.m in Sources */ = {isa = PBXBuildFile; fileRef = 84FBCD7F1E4D612A00A35006 /* UITableView+IUChain.m */; };
		84FBCDA41E4D612A00A35006 /* UITextView+IUChain.h in Headers */ = {isa = PBXBuildFile; fileRef = 84FBCD811E4D612A00A35006 /* UITextView+IUChain.h */; settings = {ATTRIBUTES = (Public, ); }; };
		84FBCDA51E4D612A00A35006 /* UITextView+IUChain.m in Sources */ = {isa = PBXBuildFile; fileRef = 84FBCD821E4D612A00A35006 /* UITextView+IUChain.m */; };
		84FBCDA61E4D612A00A35006 /* UISearchBar+IUChain.h in Headers */ = {isa = PBXBuildFile; fileRef = 84FBCD841E4D612A00A35006 /* UISearchBar+IUChain.h */; settings = {ATTRIBUTES = (Public, ); }; };
		84FBCDA71E4D612A00A35006 /* UISearchBar+IUChain.m in Sources */ = {isa = PBXBuildFile; fileRef = 84FBCD851E4D612A00A35006 /* UISearchBar+IUChain.m */; };
		84FBCDA81E4D612A00A35006 /* UIView+IUChain.h in Headers */ = {isa = PBXBuildFile; fileRef = 84FBCD861E4D612A00A35006 /* UIView+IUChain.h */; settings = {ATTRIBUTES = (Public, ); }; };
		84FBCDA91E4D612A00A35006 /* UIView+IUChain.m in Sources */ = {isa = PBXBuildFile; fileRef = 84FBCD871E4D612A00A35006 /* UIView+IUChain.m */; };
		84FBCDAA1E4D612A00A35006 /* UIWindow+IUChain.h in Headers */ = {isa = PBXBuildFile; fileRef = 84FBCD891E4D612A00A35006 /* UIWindow+IUChain.h */; settings = {ATTRIBUTES = (Public, ); }; };
		84FBCDAB1E4D612A00A35006 /* UIWindow+IUChain.m in Sources */ = {isa = PBXBuildFile; fileRef = 84FBCD8A1E4D612A00A35006 /* UIWindow+IUChain.m */; };
		84FBCDAE1E4D614000A35006 /* UIViewController+IUChain.h in Headers */ = {isa = PBXBuildFile; fileRef = 84FBCDAC1E4D614000A35006 /* UIViewController+IUChain.h */; settings = {ATTRIBUTES = (Public, ); }; };
		84FBCDAF1E4D614000A35006 /* UIViewController+IUChain.m in Sources */ = {isa = PBXBuildFile; fileRef = 84FBCDAD1E4D614000A35006 /* UIViewController+IUChain.m */; };
		84FBCDB21E4D615900A35006 /* UIResponder+IUChain.h in Headers */ = {isa = PBXBuildFile; fileRef = 84FBCDB01E4D615900A35006 /* UIResponder+IUChain.h */; settings = {ATTRIBUTES = (Public, ); }; };
		84FBCDB31E4D615900A35006 /* UIResponder+IUChain.m in Sources */ = {isa = PBXBuildFile; fileRef = 84FBCDB11E4D615900A35006 /* UIResponder+IUChain.m */; };
		84FBCDC41E4DC30400A35006 /* UINavigationController+IUChain.h in Headers */ = {isa = PBXBuildFile; fileRef = 84FBCDC21E4DC30400A35006 /* UINavigationController+IUChain.h */; settings = {ATTRIBUTES = (Public, ); }; };
		84FBCDC51E4DC30400A35006 /* UINavigationController+IUChain.m in Sources */ = {isa = PBXBuildFile; fileRef = 84FBCDC31E4DC30400A35006 /* UINavigationController+IUChain.m */; };
		84FBCDC81E4DC30E00A35006 /* UITabBarController+IUChain.h in Headers */ = {isa = PBXBuildFile; fileRef = 84FBCDC61E4DC30E00A35006 /* UITabBarController+IUChain.h */; settings = {ATTRIBUTES = (Public, ); }; };
		84FBCDC91E4DC30E00A35006 /* UITabBarController+IUChain.m in Sources */ = {isa = PBXBuildFile; fileRef = 84FBCDC71E4DC30E00A35006 /* UITabBarController+IUChain.m */; };
/* End PBXBuildFile section */

/* Begin PBXContainerItemProxy section */
		841F52C41E309D3F00223BB5 /* PBXContainerItemProxy */ = {
			isa = PBXContainerItemProxy;
			containerPortal = 841F52071E30922D00223BB5 /* Project object */;
			proxyType = 1;
			remoteGlobalIDString = 841F520F1E30922D00223BB5;
			remoteInfo = IUChain;
		};
/* End PBXContainerItemProxy section */

/* Begin PBXFileReference section */
		841F52101E30922D00223BB5 /* IUChain.framework */ = {isa = PBXFileReference; explicitFileType = wrapper.framework; includeInIndex = 0; path = IUChain.framework; sourceTree = BUILT_PRODUCTS_DIR; };
		841F52131E30922D00223BB5 /* IUChain.h */ = {isa = PBXFileReference; lastKnownFileType = sourcecode.c.h; path = IUChain.h; sourceTree = "<group>"; };
		841F52141E30922D00223BB5 /* Info.plist */ = {isa = PBXFileReference; lastKnownFileType = text.plist.xml; path = Info.plist; sourceTree = "<group>"; };
		841F52FD1E34786900223BB5 /* NSObject+IUChain.h */ = {isa = PBXFileReference; fileEncoding = 4; lastKnownFileType = sourcecode.c.h; path = "NSObject+IUChain.h"; sourceTree = "<group>"; };
		841F52FE1E34786900223BB5 /* NSObject+IUChain.m */ = {isa = PBXFileReference; fileEncoding = 4; lastKnownFileType = sourcecode.c.objc; path = "NSObject+IUChain.m"; sourceTree = "<group>"; };
		8447F1301E51528000781DAC /* NSObject+IUMethodSwizzle.h */ = {isa = PBXFileReference; fileEncoding = 4; lastKnownFileType = sourcecode.c.h; path = "NSObject+IUMethodSwizzle.h"; sourceTree = "<group>"; };
		8447F1311E51528000781DAC /* NSObject+IUMethodSwizzle.m */ = {isa = PBXFileReference; fileEncoding = 4; lastKnownFileType = sourcecode.c.objc; path = "NSObject+IUMethodSwizzle.m"; sourceTree = "<group>"; };
		84D2EA481E45B6AD00B2A2CD /* UIGestureRecognizer+IUChain.h */ = {isa = PBXFileReference; fileEncoding = 4; lastKnownFileType = sourcecode.c.h; path = "UIGestureRecognizer+IUChain.h"; sourceTree = "<group>"; };
		84D2EA491E45B6AD00B2A2CD /* UIGestureRecognizer+IUChain.m */ = {isa = PBXFileReference; fileEncoding = 4; lastKnownFileType = sourcecode.c.objc; path = "UIGestureRecognizer+IUChain.m"; sourceTree = "<group>"; };
		84DFC5DC1E34A915000A588C /* IUChainProtocolMethod_UITextInputTraits.h */ = {isa = PBXFileReference; lastKnownFileType = sourcecode.c.h; path = IUChainProtocolMethod_UITextInputTraits.h; sourceTree = "<group>"; };
		84DFC5DE1E34A9AA000A588C /* IUChainProtocolMethod_UITextInput.h */ = {isa = PBXFileReference; lastKnownFileType = sourcecode.c.h; path = IUChainProtocolMethod_UITextInput.h; sourceTree = "<group>"; };
		84DFC5DF1E34A9B9000A588C /* IUChainProtocolMethod_UIKeyInput.h */ = {isa = PBXFileReference; lastKnownFileType = sourcecode.c.h; path = IUChainProtocolMethod_UIKeyInput.h; sourceTree = "<group>"; };
		84DFC5E01E34AA49000A588C /* IUChainProtocolMethod_UIContentSizeCategoryAdjusting.h */ = {isa = PBXFileReference; lastKnownFileType = sourcecode.c.h; path = IUChainProtocolMethod_UIContentSizeCategoryAdjusting.h; sourceTree = "<group>"; };
		84FBCD461E4C5F8E00A35006 /* IUMethodSwizzle.framework */ = {isa = PBXFileReference; lastKnownFileType = wrapper.framework; name = IUMethodSwizzle.framework; path = "../../../../Library/Developer/Xcode/DerivedData/IUFramework-egbnowvfnsxwcufwgjnrhpvcgmot/Build/Products/Debug-iphoneos/IUMethodSwizzle.framework"; sourceTree = "<group>"; };
		84FBCD5E1E4D612A00A35006 /* UIButton+IUChain.h */ = {isa = PBXFileReference; fileEncoding = 4; lastKnownFileType = sourcecode.c.h; path = "UIButton+IUChain.h"; sourceTree = "<group>"; };
		84FBCD5F1E4D612A00A35006 /* UIButton+IUChain.m */ = {isa = PBXFileReference; fileEncoding = 4; lastKnownFileType = sourcecode.c.objc; path = "UIButton+IUChain.m"; sourceTree = "<group>"; };
		84FBCD601E4D612A00A35006 /* UIControl+IUChain.h */ = {isa = PBXFileReference; fileEncoding = 4; lastKnownFileType = sourcecode.c.h; path = "UIControl+IUChain.h"; sourceTree = "<group>"; };
		84FBCD611E4D612A00A35006 /* UIControl+IUChain.m */ = {isa = PBXFileReference; fileEncoding = 4; lastKnownFileType = sourcecode.c.objc; path = "UIControl+IUChain.m"; sourceTree = "<group>"; };
		84FBCD631E4D612A00A35006 /* UIPageControl+IUChain.h */ = {isa = PBXFileReference; fileEncoding = 4; lastKnownFileType = sourcecode.c.h; path = "UIPageControl+IUChain.h"; sourceTree = "<group>"; };
		84FBCD641E4D612A00A35006 /* UIPageControl+IUChain.m */ = {isa = PBXFileReference; fileEncoding = 4; lastKnownFileType = sourcecode.c.objc; path = "UIPageControl+IUChain.m"; sourceTree = "<group>"; };
		84FBCD661E4D612A00A35006 /* UISegmentedControl+IUChain.h */ = {isa = PBXFileReference; fileEncoding = 4; lastKnownFileType = sourcecode.c.h; path = "UISegmentedControl+IUChain.h"; sourceTree = "<group>"; };
		84FBCD671E4D612A00A35006 /* UISegmentedControl+IUChain.m */ = {isa = PBXFileReference; fileEncoding = 4; lastKnownFileType = sourcecode.c.objc; path = "UISegmentedControl+IUChain.m"; sourceTree = "<group>"; };
		84FBCD691E4D612A00A35006 /* UISlider+IUChain.h */ = {isa = PBXFileReference; fileEncoding = 4; lastKnownFileType = sourcecode.c.h; path = "UISlider+IUChain.h"; sourceTree = "<group>"; };
		84FBCD6A1E4D612A00A35006 /* UISlider+IUChain.m */ = {isa = PBXFileReference; fileEncoding = 4; lastKnownFileType = sourcecode.c.objc; path = "UISlider+IUChain.m"; sourceTree = "<group>"; };
		84FBCD6C1E4D612A00A35006 /* UISwitch+IUChain.h */ = {isa = PBXFileReference; fileEncoding = 4; lastKnownFileType = sourcecode.c.h; path = "UISwitch+IUChain.h"; sourceTree = "<group>"; };
		84FBCD6D1E4D612A00A35006 /* UISwitch+IUChain.m */ = {isa = PBXFileReference; fileEncoding = 4; lastKnownFileType = sourcecode.c.objc; path = "UISwitch+IUChain.m"; sourceTree = "<group>"; };
		84FBCD6F1E4D612A00A35006 /* UITextField+IUChain.h */ = {isa = PBXFileReference; fileEncoding = 4; lastKnownFileType = sourcecode.c.h; path = "UITextField+IUChain.h"; sourceTree = "<group>"; };
		84FBCD701E4D612A00A35006 /* UITextField+IUChain.m */ = {isa = PBXFileReference; fileEncoding = 4; lastKnownFileType = sourcecode.c.objc; path = "UITextField+IUChain.m"; sourceTree = "<group>"; };
		84FBCD721E4D612A00A35006 /* UIImageView+IUChain.h */ = {isa = PBXFileReference; fileEncoding = 4; lastKnownFileType = sourcecode.c.h; path = "UIImageView+IUChain.h"; sourceTree = "<group>"; };
		84FBCD731E4D612A00A35006 /* UIImageView+IUChain.m */ = {isa = PBXFileReference; fileEncoding = 4; lastKnownFileType = sourcecode.c.objc; path = "UIImageView+IUChain.m"; sourceTree = "<group>"; };
		84FBCD751E4D612A00A35006 /* UILabel+IUChain.h */ = {isa = PBXFileReference; fileEncoding = 4; lastKnownFileType = sourcecode.c.h; path = "UILabel+IUChain.h"; sourceTree = "<group>"; };
		84FBCD761E4D612A00A35006 /* UILabel+IUChain.m */ = {isa = PBXFileReference; fileEncoding = 4; lastKnownFileType = sourcecode.c.objc; path = "UILabel+IUChain.m"; sourceTree = "<group>"; };
		84FBCD791E4D612A00A35006 /* UICollectionView+IUChain.h */ = {isa = PBXFileReference; fileEncoding = 4; lastKnownFileType = sourcecode.c.h; path = "UICollectionView+IUChain.h"; sourceTree = "<group>"; };
		84FBCD7A1E4D612A00A35006 /* UICollectionView+IUChain.m */ = {isa = PBXFileReference; fileEncoding = 4; lastKnownFileType = sourcecode.c.objc; path = "UICollectionView+IUChain.m"; sourceTree = "<group>"; };
		84FBCD7B1E4D612A00A35006 /* UIScrollView+IUChain.h */ = {isa = PBXFileReference; fileEncoding = 4; lastKnownFileType = sourcecode.c.h; path = "UIScrollView+IUChain.h"; sourceTree = "<group>"; };
		84FBCD7C1E4D612A00A35006 /* UIScrollView+IUChain.m */ = {isa = PBXFileReference; fileEncoding = 4; lastKnownFileType = sourcecode.c.objc; path = "UIScrollView+IUChain.m"; sourceTree = "<group>"; };
		84FBCD7E1E4D612A00A35006 /* UITableView+IUChain.h */ = {isa = PBXFileReference; fileEncoding = 4; lastKnownFileType = sourcecode.c.h; path = "UITableView+IUChain.h"; sourceTree = "<group>"; };
		84FBCD7F1E4D612A00A35006 /* UITableView+IUChain.m */ = {isa = PBXFileReference; fileEncoding = 4; lastKnownFileType = sourcecode.c.objc; path = "UITableView+IUChain.m"; sourceTree = "<group>"; };
		84FBCD811E4D612A00A35006 /* UITextView+IUChain.h */ = {isa = PBXFileReference; fileEncoding = 4; lastKnownFileType = sourcecode.c.h; path = "UITextView+IUChain.h"; sourceTree = "<group>"; };
		84FBCD821E4D612A00A35006 /* UITextView+IUChain.m */ = {isa = PBXFileReference; fileEncoding = 4; lastKnownFileType = sourcecode.c.objc; path = "UITextView+IUChain.m"; sourceTree = "<group>"; };
		84FBCD841E4D612A00A35006 /* UISearchBar+IUChain.h */ = {isa = PBXFileReference; fileEncoding = 4; lastKnownFileType = sourcecode.c.h; path = "UISearchBar+IUChain.h"; sourceTree = "<group>"; };
		84FBCD851E4D612A00A35006 /* UISearchBar+IUChain.m */ = {isa = PBXFileReference; fileEncoding = 4; lastKnownFileType = sourcecode.c.objc; path = "UISearchBar+IUChain.m"; sourceTree = "<group>"; };
		84FBCD861E4D612A00A35006 /* UIView+IUChain.h */ = {isa = PBXFileReference; fileEncoding = 4; lastKnownFileType = sourcecode.c.h; path = "UIView+IUChain.h"; sourceTree = "<group>"; };
		84FBCD871E4D612A00A35006 /* UIView+IUChain.m */ = {isa = PBXFileReference; fileEncoding = 4; lastKnownFileType = sourcecode.c.objc; path = "UIView+IUChain.m"; sourceTree = "<group>"; };
		84FBCD891E4D612A00A35006 /* UIWindow+IUChain.h */ = {isa = PBXFileReference; fileEncoding = 4; lastKnownFileType = sourcecode.c.h; path = "UIWindow+IUChain.h"; sourceTree = "<group>"; };
		84FBCD8A1E4D612A00A35006 /* UIWindow+IUChain.m */ = {isa = PBXFileReference; fileEncoding = 4; lastKnownFileType = sourcecode.c.objc; path = "UIWindow+IUChain.m"; sourceTree = "<group>"; };
		84FBCDAC1E4D614000A35006 /* UIViewController+IUChain.h */ = {isa = PBXFileReference; fileEncoding = 4; lastKnownFileType = sourcecode.c.h; path = "UIViewController+IUChain.h"; sourceTree = "<group>"; };
		84FBCDAD1E4D614000A35006 /* UIViewController+IUChain.m */ = {isa = PBXFileReference; fileEncoding = 4; lastKnownFileType = sourcecode.c.objc; path = "UIViewController+IUChain.m"; sourceTree = "<group>"; };
		84FBCDB01E4D615900A35006 /* UIResponder+IUChain.h */ = {isa = PBXFileReference; fileEncoding = 4; lastKnownFileType = sourcecode.c.h; path = "UIResponder+IUChain.h"; sourceTree = "<group>"; };
		84FBCDB11E4D615900A35006 /* UIResponder+IUChain.m */ = {isa = PBXFileReference; fileEncoding = 4; lastKnownFileType = sourcecode.c.objc; path = "UIResponder+IUChain.m"; sourceTree = "<group>"; };
		84FBCDC21E4DC30400A35006 /* UINavigationController+IUChain.h */ = {isa = PBXFileReference; fileEncoding = 4; lastKnownFileType = sourcecode.c.h; path = "UINavigationController+IUChain.h"; sourceTree = "<group>"; };
		84FBCDC31E4DC30400A35006 /* UINavigationController+IUChain.m */ = {isa = PBXFileReference; fileEncoding = 4; lastKnownFileType = sourcecode.c.objc; path = "UINavigationController+IUChain.m"; sourceTree = "<group>"; };
		84FBCDC61E4DC30E00A35006 /* UITabBarController+IUChain.h */ = {isa = PBXFileReference; fileEncoding = 4; lastKnownFileType = sourcecode.c.h; path = "UITabBarController+IUChain.h"; sourceTree = "<group>"; };
		84FBCDC71E4DC30E00A35006 /* UITabBarController+IUChain.m */ = {isa = PBXFileReference; fileEncoding = 4; lastKnownFileType = sourcecode.c.objc; path = "UITabBarController+IUChain.m"; sourceTree = "<group>"; };
/* End PBXFileReference section */

/* Begin PBXFrameworksBuildPhase section */
		841F520C1E30922D00223BB5 /* Frameworks */ = {
			isa = PBXFrameworksBuildPhase;
			buildActionMask = 2147483647;
			files = (
			);
			runOnlyForDeploymentPostprocessing = 0;
		};
/* End PBXFrameworksBuildPhase section */

/* Begin PBXGroup section */
		841F52061E30922D00223BB5 = {
			isa = PBXGroup;
			children = (
				841F52121E30922D00223BB5 /* IUChain */,
				841F52111E30922D00223BB5 /* Products */,
				84FBCD451E4C5F8E00A35006 /* Frameworks */,
			);
			sourceTree = "<group>";
		};
		841F52111E30922D00223BB5 /* Products */ = {
			isa = PBXGroup;
			children = (
				841F52101E30922D00223BB5 /* IUChain.framework */,
			);
			name = Products;
			sourceTree = "<group>";
		};
		841F52121E30922D00223BB5 /* IUChain */ = {
			isa = PBXGroup;
			children = (
				841F52131E30922D00223BB5 /* IUChain.h */,
				8447F1301E51528000781DAC /* NSObject+IUMethodSwizzle.h */,
				8447F1311E51528000781DAC /* NSObject+IUMethodSwizzle.m */,
				841F52FC1E34786900223BB5 /* Methods */,
				84DFC5D91E34A882000A588C /* Protocols */,
				841F52141E30922D00223BB5 /* Info.plist */,
			);
			path = IUChain;
			sourceTree = "<group>";
		};
		841F52FC1E34786900223BB5 /* Methods */ = {
			isa = PBXGroup;
			children = (
				841F52FD1E34786900223BB5 /* NSObject+IUChain.h */,
				841F52FE1E34786900223BB5 /* NSObject+IUChain.m */,
				84D2EA471E45B69900B2A2CD /* UIGestureRecognizer */,
				84FBCD5A1E4D612A00A35006 /* UIResponder */,
			);
			path = Methods;
			sourceTree = "<group>";
		};
		84D2EA471E45B69900B2A2CD /* UIGestureRecognizer */ = {
			isa = PBXGroup;
			children = (
				84D2EA481E45B6AD00B2A2CD /* UIGestureRecognizer+IUChain.h */,
				84D2EA491E45B6AD00B2A2CD /* UIGestureRecognizer+IUChain.m */,
			);
			path = UIGestureRecognizer;
			sourceTree = "<group>";
		};
		84DFC5D91E34A882000A588C /* Protocols */ = {
			isa = PBXGroup;
			children = (
				84DFC5DE1E34A9AA000A588C /* IUChainProtocolMethod_UITextInput.h */,
				84DFC5DF1E34A9B9000A588C /* IUChainProtocolMethod_UIKeyInput.h */,
				84DFC5DC1E34A915000A588C /* IUChainProtocolMethod_UITextInputTraits.h */,
				84DFC5E01E34AA49000A588C /* IUChainProtocolMethod_UIContentSizeCategoryAdjusting.h */,
			);
			path = Protocols;
			sourceTree = "<group>";
		};
		84FBCD451E4C5F8E00A35006 /* Frameworks */ = {
			isa = PBXGroup;
			children = (
				84FBCD461E4C5F8E00A35006 /* IUMethodSwizzle.framework */,
			);
			name = Frameworks;
			sourceTree = "<group>";
		};
		84FBCD5A1E4D612A00A35006 /* UIResponder */ = {
			isa = PBXGroup;
			children = (
				84FBCDB01E4D615900A35006 /* UIResponder+IUChain.h */,
				84FBCDB11E4D615900A35006 /* UIResponder+IUChain.m */,
				84FBCD5B1E4D612A00A35006 /* UIView */,
				84FBCD8B1E4D612A00A35006 /* UIViewController */,
			);
			path = UIResponder;
			sourceTree = "<group>";
		};
		84FBCD5B1E4D612A00A35006 /* UIView */ = {
			isa = PBXGroup;
			children = (
				84FBCD5C1E4D612A00A35006 /* UIControl */,
				84FBCD711E4D612A00A35006 /* UIImageView */,
				84FBCD741E4D612A00A35006 /* UILabel */,
				84FBCD771E4D612A00A35006 /* UIScrollView */,
				84FBCD831E4D612A00A35006 /* UISearchBar */,
				84FBCD861E4D612A00A35006 /* UIView+IUChain.h */,
				84FBCD871E4D612A00A35006 /* UIView+IUChain.m */,
				84FBCD881E4D612A00A35006 /* UIWindow */,
			);
			path = UIView;
			sourceTree = "<group>";
		};
		84FBCD5C1E4D612A00A35006 /* UIControl */ = {
			isa = PBXGroup;
			children = (
				84FBCD5D1E4D612A00A35006 /* UIButton */,
				84FBCD601E4D612A00A35006 /* UIControl+IUChain.h */,
				84FBCD611E4D612A00A35006 /* UIControl+IUChain.m */,
				84FBCD621E4D612A00A35006 /* UIPageControl */,
				84FBCD651E4D612A00A35006 /* UISegmentedControl */,
				84FBCD681E4D612A00A35006 /* UISlider */,
				84FBCD6B1E4D612A00A35006 /* UISwitch */,
				84FBCD6E1E4D612A00A35006 /* UITextField */,
			);
			path = UIControl;
			sourceTree = "<group>";
		};
		84FBCD5D1E4D612A00A35006 /* UIButton */ = {
			isa = PBXGroup;
			children = (
				84FBCD5E1E4D612A00A35006 /* UIButton+IUChain.h */,
				84FBCD5F1E4D612A00A35006 /* UIButton+IUChain.m */,
			);
			path = UIButton;
			sourceTree = "<group>";
		};
		84FBCD621E4D612A00A35006 /* UIPageControl */ = {
			isa = PBXGroup;
			children = (
				84FBCD631E4D612A00A35006 /* UIPageControl+IUChain.h */,
				84FBCD641E4D612A00A35006 /* UIPageControl+IUChain.m */,
			);
			path = UIPageControl;
			sourceTree = "<group>";
		};
		84FBCD651E4D612A00A35006 /* UISegmentedControl */ = {
			isa = PBXGroup;
			children = (
				84FBCD661E4D612A00A35006 /* UISegmentedControl+IUChain.h */,
				84FBCD671E4D612A00A35006 /* UISegmentedControl+IUChain.m */,
			);
			path = UISegmentedControl;
			sourceTree = "<group>";
		};
		84FBCD681E4D612A00A35006 /* UISlider */ = {
			isa = PBXGroup;
			children = (
				84FBCD691E4D612A00A35006 /* UISlider+IUChain.h */,
				84FBCD6A1E4D612A00A35006 /* UISlider+IUChain.m */,
			);
			path = UISlider;
			sourceTree = "<group>";
		};
		84FBCD6B1E4D612A00A35006 /* UISwitch */ = {
			isa = PBXGroup;
			children = (
				84FBCD6C1E4D612A00A35006 /* UISwitch+IUChain.h */,
				84FBCD6D1E4D612A00A35006 /* UISwitch+IUChain.m */,
			);
			path = UISwitch;
			sourceTree = "<group>";
		};
		84FBCD6E1E4D612A00A35006 /* UITextField */ = {
			isa = PBXGroup;
			children = (
				84FBCD6F1E4D612A00A35006 /* UITextField+IUChain.h */,
				84FBCD701E4D612A00A35006 /* UITextField+IUChain.m */,
			);
			path = UITextField;
			sourceTree = "<group>";
		};
		84FBCD711E4D612A00A35006 /* UIImageView */ = {
			isa = PBXGroup;
			children = (
				84FBCD721E4D612A00A35006 /* UIImageView+IUChain.h */,
				84FBCD731E4D612A00A35006 /* UIImageView+IUChain.m */,
			);
			path = UIImageView;
			sourceTree = "<group>";
		};
		84FBCD741E4D612A00A35006 /* UILabel */ = {
			isa = PBXGroup;
			children = (
				84FBCD751E4D612A00A35006 /* UILabel+IUChain.h */,
				84FBCD761E4D612A00A35006 /* UILabel+IUChain.m */,
			);
			path = UILabel;
			sourceTree = "<group>";
		};
		84FBCD771E4D612A00A35006 /* UIScrollView */ = {
			isa = PBXGroup;
			children = (
				84FBCD781E4D612A00A35006 /* UICollectionView */,
				84FBCD7B1E4D612A00A35006 /* UIScrollView+IUChain.h */,
				84FBCD7C1E4D612A00A35006 /* UIScrollView+IUChain.m */,
				84FBCD7D1E4D612A00A35006 /* UITableView */,
				84FBCD801E4D612A00A35006 /* UITextView */,
			);
			path = UIScrollView;
			sourceTree = "<group>";
		};
		84FBCD781E4D612A00A35006 /* UICollectionView */ = {
			isa = PBXGroup;
			children = (
				84FBCD791E4D612A00A35006 /* UICollectionView+IUChain.h */,
				84FBCD7A1E4D612A00A35006 /* UICollectionView+IUChain.m */,
			);
			path = UICollectionView;
			sourceTree = "<group>";
		};
		84FBCD7D1E4D612A00A35006 /* UITableView */ = {
			isa = PBXGroup;
			children = (
				84FBCD7E1E4D612A00A35006 /* UITableView+IUChain.h */,
				84FBCD7F1E4D612A00A35006 /* UITableView+IUChain.m */,
			);
			path = UITableView;
			sourceTree = "<group>";
		};
		84FBCD801E4D612A00A35006 /* UITextView */ = {
			isa = PBXGroup;
			children = (
				84FBCD811E4D612A00A35006 /* UITextView+IUChain.h */,
				84FBCD821E4D612A00A35006 /* UITextView+IUChain.m */,
			);
			path = UITextView;
			sourceTree = "<group>";
		};
		84FBCD831E4D612A00A35006 /* UISearchBar */ = {
			isa = PBXGroup;
			children = (
				84FBCD841E4D612A00A35006 /* UISearchBar+IUChain.h */,
				84FBCD851E4D612A00A35006 /* UISearchBar+IUChain.m */,
			);
			path = UISearchBar;
			sourceTree = "<group>";
		};
		84FBCD881E4D612A00A35006 /* UIWindow */ = {
			isa = PBXGroup;
			children = (
				84FBCD891E4D612A00A35006 /* UIWindow+IUChain.h */,
				84FBCD8A1E4D612A00A35006 /* UIWindow+IUChain.m */,
			);
			path = UIWindow;
			sourceTree = "<group>";
		};
		84FBCD8B1E4D612A00A35006 /* UIViewController */ = {
			isa = PBXGroup;
			children = (
				84FBCDC11E4DC2F000A35006 /* UINavigationController */,
				84FBCDC01E4DC2F000A35006 /* UITabBarController */,
				84FBCDAC1E4D614000A35006 /* UIViewController+IUChain.h */,
				84FBCDAD1E4D614000A35006 /* UIViewController+IUChain.m */,
			);
			path = UIViewController;
			sourceTree = "<group>";
		};
		84FBCDC01E4DC2F000A35006 /* UITabBarController */ = {
			isa = PBXGroup;
			children = (
				84FBCDC61E4DC30E00A35006 /* UITabBarController+IUChain.h */,
				84FBCDC71E4DC30E00A35006 /* UITabBarController+IUChain.m */,
			);
			path = UITabBarController;
			sourceTree = "<group>";
		};
		84FBCDC11E4DC2F000A35006 /* UINavigationController */ = {
			isa = PBXGroup;
			children = (
				84FBCDC21E4DC30400A35006 /* UINavigationController+IUChain.h */,
				84FBCDC31E4DC30400A35006 /* UINavigationController+IUChain.m */,
			);
			path = UINavigationController;
			sourceTree = "<group>";
		};
/* End PBXGroup section */

/* Begin PBXHeadersBuildPhase section */
		841F520D1E30922D00223BB5 /* Headers */ = {
			isa = PBXHeadersBuildPhase;
			buildActionMask = 2147483647;
			files = (
				841F53151E34786900223BB5 /* NSObject+IUChain.h in Headers */,
				84FBCDA41E4D612A00A35006 /* UITextView+IUChain.h in Headers */,
				84FBCDA01E4D612A00A35006 /* UIScrollView+IUChain.h in Headers */,
				84FBCD981E4D612A00A35006 /* UITextField+IUChain.h in Headers */,
				84FBCD8E1E4D612A00A35006 /* UIControl+IUChain.h in Headers */,
				84FBCDAA1E4D612A00A35006 /* UIWindow+IUChain.h in Headers */,
				84FBCD961E4D612A00A35006 /* UISwitch+IUChain.h in Headers */,
				84FBCD921E4D612A00A35006 /* UISegmentedControl+IUChain.h in Headers */,
				84FBCD8C1E4D612A00A35006 /* UIButton+IUChain.h in Headers */,
				84FBCDA61E4D612A00A35006 /* UISearchBar+IUChain.h in Headers */,
				84FBCD9E1E4D612A00A35006 /* UICollectionView+IUChain.h in Headers */,
				84FBCD9C1E4D612A00A35006 /* UILabel+IUChain.h in Headers */,
				84FBCDA21E4D612A00A35006 /* UITableView+IUChain.h in Headers */,
				84FBCDA81E4D612A00A35006 /* UIView+IUChain.h in Headers */,
				8447F1321E51528000781DAC /* NSObject+IUMethodSwizzle.h in Headers */,
				84FBCDAE1E4D614000A35006 /* UIViewController+IUChain.h in Headers */,
				84FBCDB21E4D615900A35006 /* UIResponder+IUChain.h in Headers */,
				84FBCD941E4D612A00A35006 /* UISlider+IUChain.h in Headers */,
				84FBCD901E4D612A00A35006 /* UIPageControl+IUChain.h in Headers */,
				84FBCD9A1E4D612A00A35006 /* UIImageView+IUChain.h in Headers */,
				841F52151E30922D00223BB5 /* IUChain.h in Headers */,
				84DFC5DD1E34A95B000A588C /* IUChainProtocolMethod_UITextInputTraits.h in Headers */,
				84DFC5E11E34AA9C000A588C /* IUChainProtocolMethod_UITextInput.h in Headers */,
				84FBCDC81E4DC30E00A35006 /* UITabBarController+IUChain.h in Headers */,
				84FBCDC41E4DC30400A35006 /* UINavigationController+IUChain.h in Headers */,
				84DFC5E21E34AA9C000A588C /* IUChainProtocolMethod_UIKeyInput.h in Headers */,
				84DFC5E31E34AA9D000A588C /* IUChainProtocolMethod_UIContentSizeCategoryAdjusting.h in Headers */,
				84D2EA4A1E45B6AD00B2A2CD /* UIGestureRecognizer+IUChain.h in Headers */,
			);
			runOnlyForDeploymentPostprocessing = 0;
		};
/* End PBXHeadersBuildPhase section */

/* Begin PBXNativeTarget section */
		841F520F1E30922D00223BB5 /* IUChain */ = {
			isa = PBXNativeTarget;
			buildConfigurationList = 841F52181E30922D00223BB5 /* Build configuration list for PBXNativeTarget "IUChain" */;
			buildPhases = (
				841F520B1E30922D00223BB5 /* Sources */,
				841F520C1E30922D00223BB5 /* Frameworks */,
				841F520D1E30922D00223BB5 /* Headers */,
				841F520E1E30922D00223BB5 /* Resources */,
			);
			buildRules = (
			);
			dependencies = (
			);
			name = IUChain;
			productName = IUChain;
			productReference = 841F52101E30922D00223BB5 /* IUChain.framework */;
			productType = "com.apple.product-type.framework";
		};
/* End PBXNativeTarget section */

/* Begin PBXProject section */
		841F52071E30922D00223BB5 /* Project object */ = {
			isa = PBXProject;
			attributes = {
				LastUpgradeCheck = 0820;
				ORGANIZATIONNAME = "刘海文";
				TargetAttributes = {
					841F520F1E30922D00223BB5 = {
						CreatedOnToolsVersion = 8.2;
						DevelopmentTeam = LUAYPTUCME;
						ProvisioningStyle = Automatic;
					};
					841F52C01E309D3300223BB5 = {
						CreatedOnToolsVersion = 8.2;
						DevelopmentTeam = LUAYPTUCME;
						ProvisioningStyle = Automatic;
					};
				};
			};
			buildConfigurationList = 841F520A1E30922D00223BB5 /* Build configuration list for PBXProject "IUChain" */;
			compatibilityVersion = "Xcode 3.2";
			developmentRegion = English;
			hasScannedForEncodings = 0;
			knownRegions = (
				en,
			);
			mainGroup = 841F52061E30922D00223BB5;
			productRefGroup = 841F52111E30922D00223BB5 /* Products */;
			projectDirPath = "";
			projectRoot = "";
			targets = (
				841F520F1E30922D00223BB5 /* IUChain */,
				841F52C01E309D3300223BB5 /* IUChainBuilder */,
			);
		};
/* End PBXProject section */

/* Begin PBXResourcesBuildPhase section */
		841F520E1E30922D00223BB5 /* Resources */ = {
			isa = PBXResourcesBuildPhase;
			buildActionMask = 2147483647;
			files = (
			);
			runOnlyForDeploymentPostprocessing = 0;
		};
/* End PBXResourcesBuildPhase section */

/* Begin PBXShellScriptBuildPhase section */
		841F52C61E309D4A00223BB5 /* ShellScript */ = {
			isa = PBXShellScriptBuildPhase;
			buildActionMask = 2147483647;
			files = (
			);
			inputPaths = (
			);
			outputPaths = (
			);
			runOnlyForDeploymentPostprocessing = 0;
			shellPath = /bin/sh;
			shellScript = "# Sets the target folders and the final framework product.\n# 如果工程名称和Framework的Target名称不一样的话，要自定义FMKNAME\n# 例如: FMK_NAME = \"MyFramework\"\nFMK_NAME=${PROJECT_NAME}\n\n# Install dir will be the final output to the framework.\n# The following line create it in the root folder of the current project.\nINSTALL_DIR=${SRCROOT}/Products/${FMK_NAME}.framework\n\n# Working dir will be deleted after the framework creation.\nWRK_DIR=build\nDEVICE_DIR=${WRK_DIR}/Release-iphoneos/${FMK_NAME}.framework\nSIMULATOR_DIR=${WRK_DIR}/Release-iphonesimulator/${FMK_NAME}.framework\n\n# -configuration ${CONFIGURATION}\n# Clean and Building both architectures.\nxcodebuild -configuration \"Release\" -target \"${FMK_NAME}\" -sdk iphoneos -arch armv7 -arch armv7s -arch arm64 clean build\nxcodebuild -configuration \"Release\" -target \"${FMK_NAME}\" -sdk iphonesimulator -arch x86_64 clean build\n\n# Cleaning the oldest.\nif [ -d \"${INSTALL_DIR}\" ]\nthen\nrm -rf \"${INSTALL_DIR}\"\nfi\n\nmkdir -p \"${INSTALL_DIR}\"\n\ncp -R \"${DEVICE_DIR}/\" \"${INSTALL_DIR}/\"\n\n# Uses the Lipo Tool to merge both binary files (i386 + armv6/armv7) into one Universal final product.\nlipo -create \"${DEVICE_DIR}/${FMK_NAME}\" \"${SIMULATOR_DIR}/${FMK_NAME}\" -output \"${INSTALL_DIR}/${FMK_NAME}\"\n\n#rm -r \"${WRK_DIR}\"\n\nopen \"${SRCROOT}/Products/\"";
		};
/* End PBXShellScriptBuildPhase section */

/* Begin PBXSourcesBuildPhase section */
		841F520B1E30922D00223BB5 /* Sources */ = {
			isa = PBXSourcesBuildPhase;
			buildActionMask = 2147483647;
			files = (
				84FBCDC51E4DC30400A35006 /* UINavigationController+IUChain.m in Sources */,
				84FBCDA11E4D612A00A35006 /* UIScrollView+IUChain.m in Sources */,
				84FBCD971E4D612A00A35006 /* UISwitch+IUChain.m in Sources */,
				84FBCD951E4D612A00A35006 /* UISlider+IUChain.m in Sources */,
				84FBCDA91E4D612A00A35006 /* UIView+IUChain.m in Sources */,
				84FBCDA71E4D612A00A35006 /* UISearchBar+IUChain.m in Sources */,
				841F53161E34786900223BB5 /* NSObject+IUChain.m in Sources */,
				8447F1331E51528000781DAC /* NSObject+IUMethodSwizzle.m in Sources */,
				84FBCDAB1E4D612A00A35006 /* UIWindow+IUChain.m in Sources */,
				84FBCD9D1E4D612A00A35006 /* UILabel+IUChain.m in Sources */,
				84FBCDB31E4D615900A35006 /* UIResponder+IUChain.m in Sources */,
				84FBCDA51E4D612A00A35006 /* UITextView+IUChain.m in Sources */,
				84FBCD9B1E4D612A00A35006 /* UIImageView+IUChain.m in Sources */,
				84FBCD8D1E4D612A00A35006 /* UIButton+IUChain.m in Sources */,
				84FBCD8F1E4D612A00A35006 /* UIControl+IUChain.m in Sources */,
				84FBCDA31E4D612A00A35006 /* UITableView+IUChain.m in Sources */,
				84FBCDAF1E4D614000A35006 /* UIViewController+IUChain.m in Sources */,
				84FBCD9F1E4D612A00A35006 /* UICollectionView+IUChain.m in Sources */,
				84FBCD991E4D612A00A35006 /* UITextField+IUChain.m in Sources */,
				84FBCD911E4D612A00A35006 /* UIPageControl+IUChain.m in Sources */,
				84FBCDC91E4DC30E00A35006 /* UITabBarController+IUChain.m in Sources */,
				84FBCD931E4D612A00A35006 /* UISegmentedControl+IUChain.m in Sources */,
				84D2EA4B1E45B6AD00B2A2CD /* UIGestureRecognizer+IUChain.m in Sources */,
			);
			runOnlyForDeploymentPostprocessing = 0;
		};
/* End PBXSourcesBuildPhase section */

/* Begin PBXTargetDependency section */
		841F52C51E309D3F00223BB5 /* PBXTargetDependency */ = {
			isa = PBXTargetDependency;
			target = 841F520F1E30922D00223BB5 /* IUChain */;
			targetProxy = 841F52C41E309D3F00223BB5 /* PBXContainerItemProxy */;
		};
/* End PBXTargetDependency section */

/* Begin XCBuildConfiguration section */
		841F52161E30922D00223BB5 /* Debug */ = {
			isa = XCBuildConfiguration;
			buildSettings = {
				ALWAYS_SEARCH_USER_PATHS = NO;
				CLANG_ANALYZER_NONNULL = YES;
				CLANG_CXX_LANGUAGE_STANDARD = "gnu++0x";
				CLANG_CXX_LIBRARY = "libc++";
				CLANG_ENABLE_MODULES = YES;
				CLANG_ENABLE_OBJC_ARC = YES;
				CLANG_WARN_BOOL_CONVERSION = YES;
				CLANG_WARN_CONSTANT_CONVERSION = YES;
				CLANG_WARN_DIRECT_OBJC_ISA_USAGE = YES_ERROR;
				CLANG_WARN_DOCUMENTATION_COMMENTS = YES;
				CLANG_WARN_EMPTY_BODY = YES;
				CLANG_WARN_ENUM_CONVERSION = YES;
				CLANG_WARN_INFINITE_RECURSION = YES;
				CLANG_WARN_INT_CONVERSION = YES;
				CLANG_WARN_OBJC_ROOT_CLASS = YES_ERROR;
				CLANG_WARN_SUSPICIOUS_MOVE = YES;
				CLANG_WARN_UNREACHABLE_CODE = YES;
				CLANG_WARN__DUPLICATE_METHOD_MATCH = YES;
				"CODE_SIGN_IDENTITY[sdk=iphoneos*]" = "iPhone Developer";
				COPY_PHASE_STRIP = NO;
				CURRENT_PROJECT_VERSION = 1;
				DEBUG_INFORMATION_FORMAT = dwarf;
				ENABLE_STRICT_OBJC_MSGSEND = YES;
				ENABLE_TESTABILITY = YES;
				GCC_C_LANGUAGE_STANDARD = gnu99;
				GCC_DYNAMIC_NO_PIC = NO;
				GCC_NO_COMMON_BLOCKS = YES;
				GCC_OPTIMIZATION_LEVEL = 0;
				GCC_PREPROCESSOR_DEFINITIONS = (
					"DEBUG=1",
					"$(inherited)",
				);
				GCC_WARN_64_TO_32_BIT_CONVERSION = YES;
				GCC_WARN_ABOUT_RETURN_TYPE = YES_ERROR;
				GCC_WARN_UNDECLARED_SELECTOR = YES;
				GCC_WARN_UNINITIALIZED_AUTOS = YES_AGGRESSIVE;
				GCC_WARN_UNUSED_FUNCTION = YES;
				GCC_WARN_UNUSED_VARIABLE = YES;
				IPHONEOS_DEPLOYMENT_TARGET = 7.0;
				MTL_ENABLE_DEBUG_INFO = YES;
				ONLY_ACTIVE_ARCH = YES;
				SDKROOT = iphoneos;
				TARGETED_DEVICE_FAMILY = "1,2";
				VERSIONING_SYSTEM = "apple-generic";
				VERSION_INFO_PREFIX = "";
			};
			name = Debug;
		};
		841F52171E30922D00223BB5 /* Release */ = {
			isa = XCBuildConfiguration;
			buildSettings = {
				ALWAYS_SEARCH_USER_PATHS = NO;
				CLANG_ANALYZER_NONNULL = YES;
				CLANG_CXX_LANGUAGE_STANDARD = "gnu++0x";
				CLANG_CXX_LIBRARY = "libc++";
				CLANG_ENABLE_MODULES = YES;
				CLANG_ENABLE_OBJC_ARC = YES;
				CLANG_WARN_BOOL_CONVERSION = YES;
				CLANG_WARN_CONSTANT_CONVERSION = YES;
				CLANG_WARN_DIRECT_OBJC_ISA_USAGE = YES_ERROR;
				CLANG_WARN_DOCUMENTATION_COMMENTS = YES;
				CLANG_WARN_EMPTY_BODY = YES;
				CLANG_WARN_ENUM_CONVERSION = YES;
				CLANG_WARN_INFINITE_RECURSION = YES;
				CLANG_WARN_INT_CONVERSION = YES;
				CLANG_WARN_OBJC_ROOT_CLASS = YES_ERROR;
				CLANG_WARN_SUSPICIOUS_MOVE = YES;
				CLANG_WARN_UNREACHABLE_CODE = YES;
				CLANG_WARN__DUPLICATE_METHOD_MATCH = YES;
				"CODE_SIGN_IDENTITY[sdk=iphoneos*]" = "iPhone Developer";
				COPY_PHASE_STRIP = NO;
				CURRENT_PROJECT_VERSION = 1;
				DEBUG_INFORMATION_FORMAT = "dwarf-with-dsym";
				ENABLE_NS_ASSERTIONS = NO;
				ENABLE_STRICT_OBJC_MSGSEND = YES;
				GCC_C_LANGUAGE_STANDARD = gnu99;
				GCC_NO_COMMON_BLOCKS = YES;
				GCC_WARN_64_TO_32_BIT_CONVERSION = YES;
				GCC_WARN_ABOUT_RETURN_TYPE = YES_ERROR;
				GCC_WARN_UNDECLARED_SELECTOR = YES;
				GCC_WARN_UNINITIALIZED_AUTOS = YES_AGGRESSIVE;
				GCC_WARN_UNUSED_FUNCTION = YES;
				GCC_WARN_UNUSED_VARIABLE = YES;
				IPHONEOS_DEPLOYMENT_TARGET = 7.0;
				MTL_ENABLE_DEBUG_INFO = NO;
				SDKROOT = iphoneos;
				TARGETED_DEVICE_FAMILY = "1,2";
				VALIDATE_PRODUCT = YES;
				VERSIONING_SYSTEM = "apple-generic";
				VERSION_INFO_PREFIX = "";
			};
			name = Release;
		};
		841F52191E30922D00223BB5 /* Debug */ = {
			isa = XCBuildConfiguration;
			buildSettings = {
				CODE_SIGN_IDENTITY = "";
				DEFINES_MODULE = YES;
				DEVELOPMENT_TEAM = LUAYPTUCME;
				DYLIB_COMPATIBILITY_VERSION = 1;
				DYLIB_CURRENT_VERSION = 1;
				DYLIB_INSTALL_NAME_BASE = "@rpath";
				ENABLE_STRICT_OBJC_MSGSEND = NO;
				GCC_PREFIX_HEADER = "";
				INFOPLIST_FILE = IUChain/Info.plist;
				INSTALL_PATH = "$(LOCAL_LIBRARY_DIR)/Frameworks";
				LD_RUNPATH_SEARCH_PATHS = "$(inherited) @executable_path/Frameworks @loader_path/Frameworks";
				MACH_O_TYPE = staticlib;
				PRODUCT_BUNDLE_IDENTIFIER = liuhaiwen.IUChain;
				PRODUCT_NAME = "$(TARGET_NAME)";
				SKIP_INSTALL = YES;
			};
			name = Debug;
		};
		841F521A1E30922D00223BB5 /* Release */ = {
			isa = XCBuildConfiguration;
			buildSettings = {
				CODE_SIGN_IDENTITY = "";
				DEFINES_MODULE = YES;
				DEVELOPMENT_TEAM = LUAYPTUCME;
				DYLIB_COMPATIBILITY_VERSION = 1;
				DYLIB_CURRENT_VERSION = 1;
				DYLIB_INSTALL_NAME_BASE = "@rpath";
				ENABLE_STRICT_OBJC_MSGSEND = NO;
				GCC_PREFIX_HEADER = "";
				INFOPLIST_FILE = IUChain/Info.plist;
				INSTALL_PATH = "$(LOCAL_LIBRARY_DIR)/Frameworks";
				LD_RUNPATH_SEARCH_PATHS = "$(inherited) @executable_path/Frameworks @loader_path/Frameworks";
				MACH_O_TYPE = staticlib;
				PRODUCT_BUNDLE_IDENTIFIER = liuhaiwen.IUChain;
				PRODUCT_NAME = "$(TARGET_NAME)";
				SKIP_INSTALL = YES;
			};
			name = Release;
		};
		841F52C21E309D3300223BB5 /* Debug */ = {
			isa = XCBuildConfiguration;
			buildSettings = {
				DEVELOPMENT_TEAM = LUAYPTUCME;
				PRODUCT_NAME = "$(TARGET_NAME)";
			};
			name = Debug;
		};
		841F52C31E309D3300223BB5 /* Release */ = {
			isa = XCBuildConfiguration;
			buildSettings = {
				DEVELOPMENT_TEAM = LUAYPTUCME;
				PRODUCT_NAME = "$(TARGET_NAME)";
			};
			name = Release;
		};
/* End XCBuildConfiguration section */

/* Begin XCConfigurationList section */
		841F520A1E30922D00223BB5 /* Build configuration list for PBXProject "IUChain" */ = {
			isa = XCConfigurationList;
			buildConfigurations = (
				841F52161E30922D00223BB5 /* Debug */,
				841F52171E30922D00223BB5 /* Release */,
			);
			defaultConfigurationIsVisible = 0;
			defaultConfigurationName = Release;
		};
		841F52181E30922D00223BB5 /* Build configuration list for PBXNativeTarget "IUChain" */ = {
			isa = XCConfigurationList;
			buildConfigurations = (
				841F52191E30922D00223BB5 /* Debug */,
				841F521A1E30922D00223BB5 /* Release */,
			);
			defaultConfigurationIsVisible = 0;
			defaultConfigurationName = Release;
		};
		841F52C11E309D3300223BB5 /* Build configuration list for PBXAggregateTarget "IUChainBuilder" */ = {
			isa = XCConfigurationList;
			buildConfigurations = (
				841F52C21E309D3300223BB5 /* Debug */,
				841F52C31E309D3300223BB5 /* Release */,
			);
			defaultConfigurationIsVisible = 0;
			defaultConfigurationName = Release;
		};
/* End XCConfigurationList section */
	};
	rootObject = 841F52071E30922D00223BB5 /* Project object */;
}
